
Microsoft Visual Studio Solution File, Format Version 12.00
# Visual Studio Version 17
VisualStudioVersion = 17.13.35825.156
MinimumVisualStudioVersion = 10.0.40219.1
Project("{8BC9CEB8-8B4A-11D0-8D11-00A0C91BC942}") = "W2", "W2\W2.vcxproj", "{E40F6612-27AA-4C0C-83C3-76D04BF7EF3A}"
EndProject
Project("{8BC9CEB8-8B4A-11D0-8D11-00A0C91BC942}") = "W4_LinkedListTest", "W4\W4.vcxproj", "{CC938810-6C41-4725-919A-4A94FA686FC0}"
EndProject
Project("{8BC9CEB8-8B4A-11D0-8D11-00A0C91BC942}") = "W4_LinkedList", "W4_LinkedList1\W4_LinkedList1.vcxproj", "{F67E9698-72BF-49B1-A348-7D4203FFD1D0}"
EndProject
Project("{8BC9CEB8-8B4A-11D0-8D11-00A0C91BC942}") = "W4_Joshep", "W4_Joshep\W4_Joshep.vcxproj", "{5F08D475-79D5-4F5F-9869-DB24B6740868}"
EndProject
Project("{8BC9CEB8-8B4A-11D0-8D11-00A0C91BC942}") = "W4_DoublyLinkedList", "W4_DoublyLinkedList\W4_DoublyLinkedList.vcxproj", "{36D3EAFE-F3A5-472A-9C5E-CA87CA87ED0E}"
EndProject
Project("{8BC9CEB8-8B4A-11D0-8D11-00A0C91BC942}") = "W5_NameCard", "W5_NameCard\W5_NameCard.vcxproj", "{EABF23A1-417F-463B-A0CB-18798F1BCCA3}"
EndProject
Project("{8BC9CEB8-8B4A-11D0-8D11-00A0C91BC942}") = "W5_ArraybasedStack", "W5_ArraybasedStack\W5_ArraybasedStack.vcxproj", "{550D01F1-5084-4F92-B443-B966A56149C3}"
EndProject
Project("{8BC9CEB8-8B4A-11D0-8D11-00A0C91BC942}") = "W5_LinkedListbasedStack", "W5_LinkedlistbasedStack\W5_LinkedlistbasedStack.vcxproj", "{FD1EEF55-6FB8-4590-8946-129DB452568C}"
EndProject
Project("{8BC9CEB8-8B4A-11D0-8D11-00A0C91BC942}") = "W5_CalcUtility", "W5_CalcUtility\W5_CalcUtility.vcxproj", "{E8D41ECB-BD87-4984-8AA5-3EF118309FD9}"
EndProject
Project("{8BC9CEB8-8B4A-11D0-8D11-00A0C91BC942}") = "Assignment_CC", "Assignment_CC\Assignment_CC.vcxproj", "{46179F7B-20D6-4924-B674-30E32225EF34}"
EndProject
Project("{8BC9CEB8-8B4A-11D0-8D11-00A0C91BC942}") = "Assignment_CC_LinkedList", "Assignment_CC_LinkedList\Assignment_CC_LinkedList.vcxproj", "{019819F9-1405-4F6F-9316-CCA14C091EF9}"
EndProject
Project("{8BC9CEB8-8B4A-11D0-8D11-00A0C91BC942}") = "W6_CalcUtility", "W6_CALC\W6_CALC.vcxproj", "{00E4BEEB-1475-44EA-92D5-7495C1EC7E98}"
EndProject
Project("{8BC9CEB8-8B4A-11D0-8D11-00A0C91BC942}") = "W6_ArraybasedQueue", "W6_ArraybasedQueue\W6_ArraybasedQueue.vcxproj", "{4138F3B8-2501-423C-98FC-45AFED430CEA}"
EndProject
Project("{8BC9CEB8-8B4A-11D0-8D11-00A0C91BC942}") = "W6_LinkedListbasedQueue", "W6_LinkedListbasedQueue\W6_LinkedListbasedQueue.vcxproj", "{B9D47A73-36B2-486B-8928-7DBFCEB5F621}"
EndProject
Project("{8BC9CEB8-8B4A-11D0-8D11-00A0C91BC942}") = "W6_CalcUtilityAdvanced", "W6_CalcUtilityAdvanced\W6_CalcUtilityAdvanced.vcxproj", "{D6EC8BDD-36E0-432A-B54F-9C52934CD2BC}"
EndProject
Project("{8BC9CEB8-8B4A-11D0-8D11-00A0C91BC942}") = "W7_Implementation", "W7_Implementation\W7_Implementation.vcxproj", "{89EF3D71-ACFA-49CA-BB6E-266D36ADAF9D}"
EndProject
Project("{8BC9CEB8-8B4A-11D0-8D11-00A0C91BC942}") = "W9_SelectionSort", "W9_SelectionSort\W9_SelectionSort.vcxproj", "{24BA3D72-3058-48DE-841F-97E4F1D3F006}"
EndProject
Project("{8BC9CEB8-8B4A-11D0-8D11-00A0C91BC942}") = "W9_SelectionSort(Generalization)", "W9_GeneralizationSelectionSort\W9_GeneralizationSelectionSort.vcxproj", "{C0EA4242-51C8-463E-944B-D0D1A5F66592}"
EndProject
Project("{8BC9CEB8-8B4A-11D0-8D11-00A0C91BC942}") = "W9_InsertionSort(Generalization)", "W9_GeneralizationInsertionSort\W9_GeneralizationInsertionSort.vcxproj", "{6FD2EE62-34AB-4789-8C86-05F2233160CD}"
EndProject
Project("{8BC9CEB8-8B4A-11D0-8D11-00A0C91BC942}") = "W9_InsertionSort", "W9_InsertSort\W9_InsertSort.vcxproj", "{73080532-FBBD-4A41-9B68-24ECFAB29B1C}"
EndProject
Project("{8BC9CEB8-8B4A-11D0-8D11-00A0C91BC942}") = "W9_ShellSort", "W9_ShellSort\W9_ShellSort.vcxproj", "{7ED40840-0719-4EE5-A58F-817B21A6515F}"
EndProject
Project("{8BC9CEB8-8B4A-11D0-8D11-00A0C91BC942}") = "W10_QuickSort", "W10_QuickSort\W10_QuickSort.vcxproj", "{AAB95D31-D0B8-4786-9AE7-268AAC0DBD51}"
EndProject
Project("{8BC9CEB8-8B4A-11D0-8D11-00A0C91BC942}") = "W10_QuickSort(NonRecursive)", "W10_NonRecursiveQuickSort\W10_NonRecursiveQuickSort.vcxproj", "{8698A612-7EC6-4989-A1E7-D806B4B3AF0B}"
EndProject
Project("{8BC9CEB8-8B4A-11D0-8D11-00A0C91BC942}") = "W10_QuickSort(Improve)", "W10_ImproveQuickSort\W10_ImproveQuickSort.vcxproj", "{F105C51A-618A-4EA2-9A60-15464A2C9D52}"
EndProject
Project("{8BC9CEB8-8B4A-11D0-8D11-00A0C91BC942}") = "Assignment_Denoising", "Assignment_Denoising\Assignment_Denoising.vcxproj", "{D3FC2674-0636-49CD-9706-EF96BBED0DBE}"
EndProject
Project("{8BC9CEB8-8B4A-11D0-8D11-00A0C91BC942}") = "W11_HeapSort(TopDown)", "W11_Heap_Sort\W11_Heap_Sort.vcxproj", "{A7934ACD-E810-48B3-BA4D-BAF1D773AB85}"
EndProject
Project("{8BC9CEB8-8B4A-11D0-8D11-00A0C91BC942}") = "W11_HeapSort(BottomUp)", "W11_HeapSort(BottomUp)\W11_HeapSort(BottomUp).vcxproj", "{9C56A74D-1285-4B06-84D1-5F5E15A10CBF}"
EndProject
Project("{8BC9CEB8-8B4A-11D0-8D11-00A0C91BC942}") = "W12_BinarySearch", "W12_BinarySearch\W12_BinarySearch.vcxproj", "{8AA233C1-722B-4149-A48A-C4EBF3327021}"
EndProject
Project("{8BC9CEB8-8B4A-11D0-8D11-00A0C91BC942}") = "W12_SequentialSearch", "W12_SequentialSearch\W12_SequentialSearch.vcxproj", "{DAE4A002-5D5C-45AB-8BD1-B25A765F38EC}"
EndProject
Project("{8BC9CEB8-8B4A-11D0-8D11-00A0C91BC942}") = "W9_ShellSort(Generalization)", "W9_ShellSort(Generarization)\W9_ShellSort(Generarization).vcxproj", "{C6AC6569-CBE2-4DC3-B744-62BE5E99AD66}"
EndProject
Project("{8BC9CEB8-8B4A-11D0-8D11-00A0C91BC942}") = "W10_QuickSort(Generalization)", "W10_QuickSort(Generalized)\W10_QuickSort(Generalized).vcxproj", "{367ABA6F-BAFA-4D88-988F-88792FDE6CA6}"
EndProject
Project("{8BC9CEB8-8B4A-11D0-8D11-00A0C91BC942}") = "W11_HeapSort(Generalization)", "W11_HeapSort\W11_HeapSort.vcxproj", "{27AF0A7C-F473-4E64-8AF4-46DA553C0E6D}"
EndProject
Project("{8BC9CEB8-8B4A-11D0-8D11-00A0C91BC942}") = "W13_SequentialSearch(LL)", "W13_SequentialSearch(LL)\W13_SequentialSearch(LL).vcxproj", "{27CABA84-7AEB-44AD-9E36-27D93E418261}"
EndProject
Project("{8BC9CEB8-8B4A-11D0-8D11-00A0C91BC942}") = "W13_BinaryTreeSearch", "W13_BinaryTreeSearch\W13_BinaryTreeSearch.vcxproj", "{0C58EA13-A9C7-41A9-BEF7-6B9A7F942690}"
EndProject
Project("{8BC9CEB8-8B4A-11D0-8D11-00A0C91BC942}") = "W13_BinaryTreeSearch(Balanced)", "W13_BinaryTreeSearch(Balanced)\W13_BinaryTreeSearch(Balanced).vcxproj", "{DBC685C0-F5DF-4C3A-8988-3FFDCF6ED295}"
EndProject
Project("{8BC9CEB8-8B4A-11D0-8D11-00A0C91BC942}") = "Assignment_Searching", "Assignment_Searching\Assignment_Searching.vcxproj", "{007EB955-4D90-4ECF-8B12-934BC552C962}"
EndProject
Project("{8BC9CEB8-8B4A-11D0-8D11-00A0C91BC942}") = "W14_BinaryTreeSearch", "Search\Search.vcxproj", "{75C0606D-DFB5-41F8-B5F7-B6DE14245B59}"
EndProject
Project("{8BC9CEB8-8B4A-11D0-8D11-00A0C91BC942}") = "W15_RBTree", "W15_RBTree\W15_RBTree.vcxproj", "{537EBA12-B05F-4F39-8649-E372542D702F}"
EndProject
Global
	GlobalSection(SolutionConfigurationPlatforms) = preSolution
		Debug|x64 = Debug|x64
		Debug|x86 = Debug|x86
		Release|x64 = Release|x64
		Release|x86 = Release|x86
	EndGlobalSection
	GlobalSection(ProjectConfigurationPlatforms) = postSolution
		{E40F6612-27AA-4C0C-83C3-76D04BF7EF3A}.Debug|x64.ActiveCfg = Debug|x64
		{E40F6612-27AA-4C0C-83C3-76D04BF7EF3A}.Debug|x64.Build.0 = Debug|x64
		{E40F6612-27AA-4C0C-83C3-76D04BF7EF3A}.Debug|x86.ActiveCfg = Debug|Win32
		{E40F6612-27AA-4C0C-83C3-76D04BF7EF3A}.Debug|x86.Build.0 = Debug|Win32
		{E40F6612-27AA-4C0C-83C3-76D04BF7EF3A}.Release|x64.ActiveCfg = Release|x64
		{E40F6612-27AA-4C0C-83C3-76D04BF7EF3A}.Release|x64.Build.0 = Release|x64
		{E40F6612-27AA-4C0C-83C3-76D04BF7EF3A}.Release|x86.ActiveCfg = Release|Win32
		{E40F6612-27AA-4C0C-83C3-76D04BF7EF3A}.Release|x86.Build.0 = Release|Win32
		{CC938810-6C41-4725-919A-4A94FA686FC0}.Debug|x64.ActiveCfg = Debug|x64
		{CC938810-6C41-4725-919A-4A94FA686FC0}.Debug|x64.Build.0 = Debug|x64
		{CC938810-6C41-4725-919A-4A94FA686FC0}.Debug|x86.ActiveCfg = Debug|Win32
		{CC938810-6C41-4725-919A-4A94FA686FC0}.Debug|x86.Build.0 = Debug|Win32
		{CC938810-6C41-4725-919A-4A94FA686FC0}.Release|x64.ActiveCfg = Release|x64
		{CC938810-6C41-4725-919A-4A94FA686FC0}.Release|x64.Build.0 = Release|x64
		{CC938810-6C41-4725-919A-4A94FA686FC0}.Release|x86.ActiveCfg = Release|Win32
		{CC938810-6C41-4725-919A-4A94FA686FC0}.Release|x86.Build.0 = Release|Win32
		{F67E9698-72BF-49B1-A348-7D4203FFD1D0}.Debug|x64.ActiveCfg = Debug|x64
		{F67E9698-72BF-49B1-A348-7D4203FFD1D0}.Debug|x64.Build.0 = Debug|x64
		{F67E9698-72BF-49B1-A348-7D4203FFD1D0}.Debug|x86.ActiveCfg = Debug|Win32
		{F67E9698-72BF-49B1-A348-7D4203FFD1D0}.Debug|x86.Build.0 = Debug|Win32
		{F67E9698-72BF-49B1-A348-7D4203FFD1D0}.Release|x64.ActiveCfg = Release|x64
		{F67E9698-72BF-49B1-A348-7D4203FFD1D0}.Release|x64.Build.0 = Release|x64
		{F67E9698-72BF-49B1-A348-7D4203FFD1D0}.Release|x86.ActiveCfg = Release|Win32
		{F67E9698-72BF-49B1-A348-7D4203FFD1D0}.Release|x86.Build.0 = Release|Win32
		{5F08D475-79D5-4F5F-9869-DB24B6740868}.Debug|x64.ActiveCfg = Debug|x64
		{5F08D475-79D5-4F5F-9869-DB24B6740868}.Debug|x64.Build.0 = Debug|x64
		{5F08D475-79D5-4F5F-9869-DB24B6740868}.Debug|x86.ActiveCfg = Debug|Win32
		{5F08D475-79D5-4F5F-9869-DB24B6740868}.Debug|x86.Build.0 = Debug|Win32
		{5F08D475-79D5-4F5F-9869-DB24B6740868}.Release|x64.ActiveCfg = Release|x64
		{5F08D475-79D5-4F5F-9869-DB24B6740868}.Release|x64.Build.0 = Release|x64
		{5F08D475-79D5-4F5F-9869-DB24B6740868}.Release|x86.ActiveCfg = Release|Win32
		{5F08D475-79D5-4F5F-9869-DB24B6740868}.Release|x86.Build.0 = Release|Win32
		{36D3EAFE-F3A5-472A-9C5E-CA87CA87ED0E}.Debug|x64.ActiveCfg = Debug|x64
		{36D3EAFE-F3A5-472A-9C5E-CA87CA87ED0E}.Debug|x64.Build.0 = Debug|x64
		{36D3EAFE-F3A5-472A-9C5E-CA87CA87ED0E}.Debug|x86.ActiveCfg = Debug|Win32
		{36D3EAFE-F3A5-472A-9C5E-CA87CA87ED0E}.Debug|x86.Build.0 = Debug|Win32
		{36D3EAFE-F3A5-472A-9C5E-CA87CA87ED0E}.Release|x64.ActiveCfg = Release|x64
		{36D3EAFE-F3A5-472A-9C5E-CA87CA87ED0E}.Release|x64.Build.0 = Release|x64
		{36D3EAFE-F3A5-472A-9C5E-CA87CA87ED0E}.Release|x86.ActiveCfg = Release|Win32
		{36D3EAFE-F3A5-472A-9C5E-CA87CA87ED0E}.Release|x86.Build.0 = Release|Win32
		{EABF23A1-417F-463B-A0CB-18798F1BCCA3}.Debug|x64.ActiveCfg = Debug|x64
		{EABF23A1-417F-463B-A0CB-18798F1BCCA3}.Debug|x64.Build.0 = Debug|x64
		{EABF23A1-417F-463B-A0CB-18798F1BCCA3}.Debug|x86.ActiveCfg = Debug|Win32
		{EABF23A1-417F-463B-A0CB-18798F1BCCA3}.Debug|x86.Build.0 = Debug|Win32
		{EABF23A1-417F-463B-A0CB-18798F1BCCA3}.Release|x64.ActiveCfg = Release|x64
		{EABF23A1-417F-463B-A0CB-18798F1BCCA3}.Release|x64.Build.0 = Release|x64
		{EABF23A1-417F-463B-A0CB-18798F1BCCA3}.Release|x86.ActiveCfg = Release|Win32
		{EABF23A1-417F-463B-A0CB-18798F1BCCA3}.Release|x86.Build.0 = Release|Win32
		{550D01F1-5084-4F92-B443-B966A56149C3}.Debug|x64.ActiveCfg = Debug|x64
		{550D01F1-5084-4F92-B443-B966A56149C3}.Debug|x64.Build.0 = Debug|x64
		{550D01F1-5084-4F92-B443-B966A56149C3}.Debug|x86.ActiveCfg = Debug|Win32
		{550D01F1-5084-4F92-B443-B966A56149C3}.Debug|x86.Build.0 = Debug|Win32
		{550D01F1-5084-4F92-B443-B966A56149C3}.Release|x64.ActiveCfg = Release|x64
		{550D01F1-5084-4F92-B443-B966A56149C3}.Release|x64.Build.0 = Release|x64
		{550D01F1-5084-4F92-B443-B966A56149C3}.Release|x86.ActiveCfg = Release|Win32
		{550D01F1-5084-4F92-B443-B966A56149C3}.Release|x86.Build.0 = Release|Win32
		{FD1EEF55-6FB8-4590-8946-129DB452568C}.Debug|x64.ActiveCfg = Debug|x64
		{FD1EEF55-6FB8-4590-8946-129DB452568C}.Debug|x64.Build.0 = Debug|x64
		{FD1EEF55-6FB8-4590-8946-129DB452568C}.Debug|x86.ActiveCfg = Debug|Win32
		{FD1EEF55-6FB8-4590-8946-129DB452568C}.Debug|x86.Build.0 = Debug|Win32
		{FD1EEF55-6FB8-4590-8946-129DB452568C}.Release|x64.ActiveCfg = Release|x64
		{FD1EEF55-6FB8-4590-8946-129DB452568C}.Release|x64.Build.0 = Release|x64
		{FD1EEF55-6FB8-4590-8946-129DB452568C}.Release|x86.ActiveCfg = Release|Win32
		{FD1EEF55-6FB8-4590-8946-129DB452568C}.Release|x86.Build.0 = Release|Win32
		{E8D41ECB-BD87-4984-8AA5-3EF118309FD9}.Debug|x64.ActiveCfg = Debug|x64
		{E8D41ECB-BD87-4984-8AA5-3EF118309FD9}.Debug|x64.Build.0 = Debug|x64
		{E8D41ECB-BD87-4984-8AA5-3EF118309FD9}.Debug|x86.ActiveCfg = Debug|Win32
		{E8D41ECB-BD87-4984-8AA5-3EF118309FD9}.Debug|x86.Build.0 = Debug|Win32
		{E8D41ECB-BD87-4984-8AA5-3EF118309FD9}.Release|x64.ActiveCfg = Release|x64
		{E8D41ECB-BD87-4984-8AA5-3EF118309FD9}.Release|x64.Build.0 = Release|x64
		{E8D41ECB-BD87-4984-8AA5-3EF118309FD9}.Release|x86.ActiveCfg = Release|Win32
		{E8D41ECB-BD87-4984-8AA5-3EF118309FD9}.Release|x86.Build.0 = Release|Win32
		{46179F7B-20D6-4924-B674-30E32225EF34}.Debug|x64.ActiveCfg = Debug|x64
		{46179F7B-20D6-4924-B674-30E32225EF34}.Debug|x64.Build.0 = Debug|x64
		{46179F7B-20D6-4924-B674-30E32225EF34}.Debug|x86.ActiveCfg = Debug|Win32
		{46179F7B-20D6-4924-B674-30E32225EF34}.Debug|x86.Build.0 = Debug|Win32
		{46179F7B-20D6-4924-B674-30E32225EF34}.Release|x64.ActiveCfg = Release|x64
		{46179F7B-20D6-4924-B674-30E32225EF34}.Release|x64.Build.0 = Release|x64
		{46179F7B-20D6-4924-B674-30E32225EF34}.Release|x86.ActiveCfg = Release|Win32
		{46179F7B-20D6-4924-B674-30E32225EF34}.Release|x86.Build.0 = Release|Win32
		{019819F9-1405-4F6F-9316-CCA14C091EF9}.Debug|x64.ActiveCfg = Debug|x64
		{019819F9-1405-4F6F-9316-CCA14C091EF9}.Debug|x64.Build.0 = Debug|x64
		{019819F9-1405-4F6F-9316-CCA14C091EF9}.Debug|x86.ActiveCfg = Debug|Win32
		{019819F9-1405-4F6F-9316-CCA14C091EF9}.Debug|x86.Build.0 = Debug|Win32
		{019819F9-1405-4F6F-9316-CCA14C091EF9}.Release|x64.ActiveCfg = Release|x64
		{019819F9-1405-4F6F-9316-CCA14C091EF9}.Release|x64.Build.0 = Release|x64
		{019819F9-1405-4F6F-9316-CCA14C091EF9}.Release|x86.ActiveCfg = Release|Win32
		{019819F9-1405-4F6F-9316-CCA14C091EF9}.Release|x86.Build.0 = Release|Win32
		{00E4BEEB-1475-44EA-92D5-7495C1EC7E98}.Debug|x64.ActiveCfg = Debug|x64
		{00E4BEEB-1475-44EA-92D5-7495C1EC7E98}.Debug|x64.Build.0 = Debug|x64
		{00E4BEEB-1475-44EA-92D5-7495C1EC7E98}.Debug|x86.ActiveCfg = Debug|Win32
		{00E4BEEB-1475-44EA-92D5-7495C1EC7E98}.Debug|x86.Build.0 = Debug|Win32
		{00E4BEEB-1475-44EA-92D5-7495C1EC7E98}.Release|x64.ActiveCfg = Release|x64
		{00E4BEEB-1475-44EA-92D5-7495C1EC7E98}.Release|x64.Build.0 = Release|x64
		{00E4BEEB-1475-44EA-92D5-7495C1EC7E98}.Release|x86.ActiveCfg = Release|Win32
		{00E4BEEB-1475-44EA-92D5-7495C1EC7E98}.Release|x86.Build.0 = Release|Win32
		{4138F3B8-2501-423C-98FC-45AFED430CEA}.Debug|x64.ActiveCfg = Debug|x64
		{4138F3B8-2501-423C-98FC-45AFED430CEA}.Debug|x64.Build.0 = Debug|x64
		{4138F3B8-2501-423C-98FC-45AFED430CEA}.Debug|x86.ActiveCfg = Debug|Win32
		{4138F3B8-2501-423C-98FC-45AFED430CEA}.Debug|x86.Build.0 = Debug|Win32
		{4138F3B8-2501-423C-98FC-45AFED430CEA}.Release|x64.ActiveCfg = Release|x64
		{4138F3B8-2501-423C-98FC-45AFED430CEA}.Release|x64.Build.0 = Release|x64
		{4138F3B8-2501-423C-98FC-45AFED430CEA}.Release|x86.ActiveCfg = Release|Win32
		{4138F3B8-2501-423C-98FC-45AFED430CEA}.Release|x86.Build.0 = Release|Win32
		{B9D47A73-36B2-486B-8928-7DBFCEB5F621}.Debug|x64.ActiveCfg = Debug|x64
		{B9D47A73-36B2-486B-8928-7DBFCEB5F621}.Debug|x64.Build.0 = Debug|x64
		{B9D47A73-36B2-486B-8928-7DBFCEB5F621}.Debug|x86.ActiveCfg = Debug|Win32
		{B9D47A73-36B2-486B-8928-7DBFCEB5F621}.Debug|x86.Build.0 = Debug|Win32
		{B9D47A73-36B2-486B-8928-7DBFCEB5F621}.Release|x64.ActiveCfg = Release|x64
		{B9D47A73-36B2-486B-8928-7DBFCEB5F621}.Release|x64.Build.0 = Release|x64
		{B9D47A73-36B2-486B-8928-7DBFCEB5F621}.Release|x86.ActiveCfg = Release|Win32
		{B9D47A73-36B2-486B-8928-7DBFCEB5F621}.Release|x86.Build.0 = Release|Win32
		{D6EC8BDD-36E0-432A-B54F-9C52934CD2BC}.Debug|x64.ActiveCfg = Debug|x64
		{D6EC8BDD-36E0-432A-B54F-9C52934CD2BC}.Debug|x64.Build.0 = Debug|x64
		{D6EC8BDD-36E0-432A-B54F-9C52934CD2BC}.Debug|x86.ActiveCfg = Debug|Win32
		{D6EC8BDD-36E0-432A-B54F-9C52934CD2BC}.Debug|x86.Build.0 = Debug|Win32
		{D6EC8BDD-36E0-432A-B54F-9C52934CD2BC}.Release|x64.ActiveCfg = Release|x64
		{D6EC8BDD-36E0-432A-B54F-9C52934CD2BC}.Release|x64.Build.0 = Release|x64
		{D6EC8BDD-36E0-432A-B54F-9C52934CD2BC}.Release|x86.ActiveCfg = Release|Win32
		{D6EC8BDD-36E0-432A-B54F-9C52934CD2BC}.Release|x86.Build.0 = Release|Win32
		{89EF3D71-ACFA-49CA-BB6E-266D36ADAF9D}.Debug|x64.ActiveCfg = Debug|x64
		{89EF3D71-ACFA-49CA-BB6E-266D36ADAF9D}.Debug|x64.Build.0 = Debug|x64
		{89EF3D71-ACFA-49CA-BB6E-266D36ADAF9D}.Debug|x86.ActiveCfg = Debug|Win32
		{89EF3D71-ACFA-49CA-BB6E-266D36ADAF9D}.Debug|x86.Build.0 = Debug|Win32
		{89EF3D71-ACFA-49CA-BB6E-266D36ADAF9D}.Release|x64.ActiveCfg = Release|x64
		{89EF3D71-ACFA-49CA-BB6E-266D36ADAF9D}.Release|x64.Build.0 = Release|x64
		{89EF3D71-ACFA-49CA-BB6E-266D36ADAF9D}.Release|x86.ActiveCfg = Release|Win32
		{89EF3D71-ACFA-49CA-BB6E-266D36ADAF9D}.Release|x86.Build.0 = Release|Win32
		{24BA3D72-3058-48DE-841F-97E4F1D3F006}.Debug|x64.ActiveCfg = Debug|x64
		{24BA3D72-3058-48DE-841F-97E4F1D3F006}.Debug|x64.Build.0 = Debug|x64
		{24BA3D72-3058-48DE-841F-97E4F1D3F006}.Debug|x86.ActiveCfg = Debug|Win32
		{24BA3D72-3058-48DE-841F-97E4F1D3F006}.Debug|x86.Build.0 = Debug|Win32
		{24BA3D72-3058-48DE-841F-97E4F1D3F006}.Release|x64.ActiveCfg = Release|x64
		{24BA3D72-3058-48DE-841F-97E4F1D3F006}.Release|x64.Build.0 = Release|x64
		{24BA3D72-3058-48DE-841F-97E4F1D3F006}.Release|x86.ActiveCfg = Release|Win32
		{24BA3D72-3058-48DE-841F-97E4F1D3F006}.Release|x86.Build.0 = Release|Win32
		{C0EA4242-51C8-463E-944B-D0D1A5F66592}.Debug|x64.ActiveCfg = Debug|x64
		{C0EA4242-51C8-463E-944B-D0D1A5F66592}.Debug|x64.Build.0 = Debug|x64
		{C0EA4242-51C8-463E-944B-D0D1A5F66592}.Debug|x86.ActiveCfg = Debug|Win32
		{C0EA4242-51C8-463E-944B-D0D1A5F66592}.Debug|x86.Build.0 = Debug|Win32
		{C0EA4242-51C8-463E-944B-D0D1A5F66592}.Release|x64.ActiveCfg = Release|x64
		{C0EA4242-51C8-463E-944B-D0D1A5F66592}.Release|x64.Build.0 = Release|x64
		{C0EA4242-51C8-463E-944B-D0D1A5F66592}.Release|x86.ActiveCfg = Release|Win32
		{C0EA4242-51C8-463E-944B-D0D1A5F66592}.Release|x86.Build.0 = Release|Win32
		{6FD2EE62-34AB-4789-8C86-05F2233160CD}.Debug|x64.ActiveCfg = Debug|x64
		{6FD2EE62-34AB-4789-8C86-05F2233160CD}.Debug|x64.Build.0 = Debug|x64
		{6FD2EE62-34AB-4789-8C86-05F2233160CD}.Debug|x86.ActiveCfg = Debug|Win32
		{6FD2EE62-34AB-4789-8C86-05F2233160CD}.Debug|x86.Build.0 = Debug|Win32
		{6FD2EE62-34AB-4789-8C86-05F2233160CD}.Release|x64.ActiveCfg = Release|x64
		{6FD2EE62-34AB-4789-8C86-05F2233160CD}.Release|x64.Build.0 = Release|x64
		{6FD2EE62-34AB-4789-8C86-05F2233160CD}.Release|x86.ActiveCfg = Release|Win32
		{6FD2EE62-34AB-4789-8C86-05F2233160CD}.Release|x86.Build.0 = Release|Win32
		{73080532-FBBD-4A41-9B68-24ECFAB29B1C}.Debug|x64.ActiveCfg = Debug|x64
		{73080532-FBBD-4A41-9B68-24ECFAB29B1C}.Debug|x64.Build.0 = Debug|x64
		{73080532-FBBD-4A41-9B68-24ECFAB29B1C}.Debug|x86.ActiveCfg = Debug|Win32
		{73080532-FBBD-4A41-9B68-24ECFAB29B1C}.Debug|x86.Build.0 = Debug|Win32
		{73080532-FBBD-4A41-9B68-24ECFAB29B1C}.Release|x64.ActiveCfg = Release|x64
		{73080532-FBBD-4A41-9B68-24ECFAB29B1C}.Release|x64.Build.0 = Release|x64
		{73080532-FBBD-4A41-9B68-24ECFAB29B1C}.Release|x86.ActiveCfg = Release|Win32
		{73080532-FBBD-4A41-9B68-24ECFAB29B1C}.Release|x86.Build.0 = Release|Win32
		{7ED40840-0719-4EE5-A58F-817B21A6515F}.Debug|x64.ActiveCfg = Debug|x64
		{7ED40840-0719-4EE5-A58F-817B21A6515F}.Debug|x64.Build.0 = Debug|x64
		{7ED40840-0719-4EE5-A58F-817B21A6515F}.Debug|x86.ActiveCfg = Debug|Win32
		{7ED40840-0719-4EE5-A58F-817B21A6515F}.Debug|x86.Build.0 = Debug|Win32
		{7ED40840-0719-4EE5-A58F-817B21A6515F}.Release|x64.ActiveCfg = Release|x64
		{7ED40840-0719-4EE5-A58F-817B21A6515F}.Release|x64.Build.0 = Release|x64
		{7ED40840-0719-4EE5-A58F-817B21A6515F}.Release|x86.ActiveCfg = Release|Win32
		{7ED40840-0719-4EE5-A58F-817B21A6515F}.Release|x86.Build.0 = Release|Win32
		{AAB95D31-D0B8-4786-9AE7-268AAC0DBD51}.Debug|x64.ActiveCfg = Debug|x64
		{AAB95D31-D0B8-4786-9AE7-268AAC0DBD51}.Debug|x64.Build.0 = Debug|x64
		{AAB95D31-D0B8-4786-9AE7-268AAC0DBD51}.Debug|x86.ActiveCfg = Debug|Win32
		{AAB95D31-D0B8-4786-9AE7-268AAC0DBD51}.Debug|x86.Build.0 = Debug|Win32
		{AAB95D31-D0B8-4786-9AE7-268AAC0DBD51}.Release|x64.ActiveCfg = Release|x64
		{AAB95D31-D0B8-4786-9AE7-268AAC0DBD51}.Release|x64.Build.0 = Release|x64
		{AAB95D31-D0B8-4786-9AE7-268AAC0DBD51}.Release|x86.ActiveCfg = Release|Win32
		{AAB95D31-D0B8-4786-9AE7-268AAC0DBD51}.Release|x86.Build.0 = Release|Win32
		{8698A612-7EC6-4989-A1E7-D806B4B3AF0B}.Debug|x64.ActiveCfg = Debug|x64
		{8698A612-7EC6-4989-A1E7-D806B4B3AF0B}.Debug|x64.Build.0 = Debug|x64
		{8698A612-7EC6-4989-A1E7-D806B4B3AF0B}.Debug|x86.ActiveCfg = Debug|Win32
		{8698A612-7EC6-4989-A1E7-D806B4B3AF0B}.Debug|x86.Build.0 = Debug|Win32
		{8698A612-7EC6-4989-A1E7-D806B4B3AF0B}.Release|x64.ActiveCfg = Release|x64
		{8698A612-7EC6-4989-A1E7-D806B4B3AF0B}.Release|x64.Build.0 = Release|x64
		{8698A612-7EC6-4989-A1E7-D806B4B3AF0B}.Release|x86.ActiveCfg = Release|Win32
		{8698A612-7EC6-4989-A1E7-D806B4B3AF0B}.Release|x86.Build.0 = Release|Win32
		{F105C51A-618A-4EA2-9A60-15464A2C9D52}.Debug|x64.ActiveCfg = Debug|x64
		{F105C51A-618A-4EA2-9A60-15464A2C9D52}.Debug|x64.Build.0 = Debug|x64
		{F105C51A-618A-4EA2-9A60-15464A2C9D52}.Debug|x86.ActiveCfg = Debug|Win32
		{F105C51A-618A-4EA2-9A60-15464A2C9D52}.Debug|x86.Build.0 = Debug|Win32
		{F105C51A-618A-4EA2-9A60-15464A2C9D52}.Release|x64.ActiveCfg = Release|x64
		{F105C51A-618A-4EA2-9A60-15464A2C9D52}.Release|x64.Build.0 = Release|x64
		{F105C51A-618A-4EA2-9A60-15464A2C9D52}.Release|x86.ActiveCfg = Release|Win32
		{F105C51A-618A-4EA2-9A60-15464A2C9D52}.Release|x86.Build.0 = Release|Win32
		{D3FC2674-0636-49CD-9706-EF96BBED0DBE}.Debug|x64.ActiveCfg = Debug|x64
		{D3FC2674-0636-49CD-9706-EF96BBED0DBE}.Debug|x64.Build.0 = Debug|x64
		{D3FC2674-0636-49CD-9706-EF96BBED0DBE}.Debug|x86.ActiveCfg = Debug|Win32
		{D3FC2674-0636-49CD-9706-EF96BBED0DBE}.Debug|x86.Build.0 = Debug|Win32
		{D3FC2674-0636-49CD-9706-EF96BBED0DBE}.Release|x64.ActiveCfg = Release|x64
		{D3FC2674-0636-49CD-9706-EF96BBED0DBE}.Release|x64.Build.0 = Release|x64
		{D3FC2674-0636-49CD-9706-EF96BBED0DBE}.Release|x86.ActiveCfg = Release|Win32
		{D3FC2674-0636-49CD-9706-EF96BBED0DBE}.Release|x86.Build.0 = Release|Win32
		{A7934ACD-E810-48B3-BA4D-BAF1D773AB85}.Debug|x64.ActiveCfg = Debug|x64
		{A7934ACD-E810-48B3-BA4D-BAF1D773AB85}.Debug|x64.Build.0 = Debug|x64
		{A7934ACD-E810-48B3-BA4D-BAF1D773AB85}.Debug|x86.ActiveCfg = Debug|Win32
		{A7934ACD-E810-48B3-BA4D-BAF1D773AB85}.Debug|x86.Build.0 = Debug|Win32
		{A7934ACD-E810-48B3-BA4D-BAF1D773AB85}.Release|x64.ActiveCfg = Release|x64
		{A7934ACD-E810-48B3-BA4D-BAF1D773AB85}.Release|x64.Build.0 = Release|x64
		{A7934ACD-E810-48B3-BA4D-BAF1D773AB85}.Release|x86.ActiveCfg = Release|Win32
		{A7934ACD-E810-48B3-BA4D-BAF1D773AB85}.Release|x86.Build.0 = Release|Win32
		{9C56A74D-1285-4B06-84D1-5F5E15A10CBF}.Debug|x64.ActiveCfg = Debug|x64
		{9C56A74D-1285-4B06-84D1-5F5E15A10CBF}.Debug|x64.Build.0 = Debug|x64
		{9C56A74D-1285-4B06-84D1-5F5E15A10CBF}.Debug|x86.ActiveCfg = Debug|Win32
		{9C56A74D-1285-4B06-84D1-5F5E15A10CBF}.Debug|x86.Build.0 = Debug|Win32
		{9C56A74D-1285-4B06-84D1-5F5E15A10CBF}.Release|x64.ActiveCfg = Release|x64
		{9C56A74D-1285-4B06-84D1-5F5E15A10CBF}.Release|x64.Build.0 = Release|x64
		{9C56A74D-1285-4B06-84D1-5F5E15A10CBF}.Release|x86.ActiveCfg = Release|Win32
		{9C56A74D-1285-4B06-84D1-5F5E15A10CBF}.Release|x86.Build.0 = Release|Win32
		{8AA233C1-722B-4149-A48A-C4EBF3327021}.Debug|x64.ActiveCfg = Debug|x64
		{8AA233C1-722B-4149-A48A-C4EBF3327021}.Debug|x64.Build.0 = Debug|x64
		{8AA233C1-722B-4149-A48A-C4EBF3327021}.Debug|x86.ActiveCfg = Debug|Win32
		{8AA233C1-722B-4149-A48A-C4EBF3327021}.Debug|x86.Build.0 = Debug|Win32
		{8AA233C1-722B-4149-A48A-C4EBF3327021}.Release|x64.ActiveCfg = Release|x64
		{8AA233C1-722B-4149-A48A-C4EBF3327021}.Release|x64.Build.0 = Release|x64
		{8AA233C1-722B-4149-A48A-C4EBF3327021}.Release|x86.ActiveCfg = Release|Win32
		{8AA233C1-722B-4149-A48A-C4EBF3327021}.Release|x86.Build.0 = Release|Win32
		{DAE4A002-5D5C-45AB-8BD1-B25A765F38EC}.Debug|x64.ActiveCfg = Debug|x64
		{DAE4A002-5D5C-45AB-8BD1-B25A765F38EC}.Debug|x64.Build.0 = Debug|x64
		{DAE4A002-5D5C-45AB-8BD1-B25A765F38EC}.Debug|x86.ActiveCfg = Debug|Win32
		{DAE4A002-5D5C-45AB-8BD1-B25A765F38EC}.Debug|x86.Build.0 = Debug|Win32
		{DAE4A002-5D5C-45AB-8BD1-B25A765F38EC}.Release|x64.ActiveCfg = Release|x64
		{DAE4A002-5D5C-45AB-8BD1-B25A765F38EC}.Release|x64.Build.0 = Release|x64
		{DAE4A002-5D5C-45AB-8BD1-B25A765F38EC}.Release|x86.ActiveCfg = Release|Win32
		{DAE4A002-5D5C-45AB-8BD1-B25A765F38EC}.Release|x86.Build.0 = Release|Win32
		{C6AC6569-CBE2-4DC3-B744-62BE5E99AD66}.Debug|x64.ActiveCfg = Debug|x64
		{C6AC6569-CBE2-4DC3-B744-62BE5E99AD66}.Debug|x64.Build.0 = Debug|x64
		{C6AC6569-CBE2-4DC3-B744-62BE5E99AD66}.Debug|x86.ActiveCfg = Debug|Win32
		{C6AC6569-CBE2-4DC3-B744-62BE5E99AD66}.Debug|x86.Build.0 = Debug|Win32
		{C6AC6569-CBE2-4DC3-B744-62BE5E99AD66}.Release|x64.ActiveCfg = Release|x64
		{C6AC6569-CBE2-4DC3-B744-62BE5E99AD66}.Release|x64.Build.0 = Release|x64
		{C6AC6569-CBE2-4DC3-B744-62BE5E99AD66}.Release|x86.ActiveCfg = Release|Win32
		{C6AC6569-CBE2-4DC3-B744-62BE5E99AD66}.Release|x86.Build.0 = Release|Win32
		{367ABA6F-BAFA-4D88-988F-88792FDE6CA6}.Debug|x64.ActiveCfg = Debug|x64
		{367ABA6F-BAFA-4D88-988F-88792FDE6CA6}.Debug|x64.Build.0 = Debug|x64
		{367ABA6F-BAFA-4D88-988F-88792FDE6CA6}.Debug|x86.ActiveCfg = Debug|Win32
		{367ABA6F-BAFA-4D88-988F-88792FDE6CA6}.Debug|x86.Build.0 = Debug|Win32
		{367ABA6F-BAFA-4D88-988F-88792FDE6CA6}.Release|x64.ActiveCfg = Release|x64
		{367ABA6F-BAFA-4D88-988F-88792FDE6CA6}.Release|x64.Build.0 = Release|x64
		{367ABA6F-BAFA-4D88-988F-88792FDE6CA6}.Release|x86.ActiveCfg = Release|Win32
		{367ABA6F-BAFA-4D88-988F-88792FDE6CA6}.Release|x86.Build.0 = Release|Win32
		{27AF0A7C-F473-4E64-8AF4-46DA553C0E6D}.Debug|x64.ActiveCfg = Debug|x64
		{27AF0A7C-F473-4E64-8AF4-46DA553C0E6D}.Debug|x64.Build.0 = Debug|x64
		{27AF0A7C-F473-4E64-8AF4-46DA553C0E6D}.Debug|x86.ActiveCfg = Debug|Win32
		{27AF0A7C-F473-4E64-8AF4-46DA553C0E6D}.Debug|x86.Build.0 = Debug|Win32
		{27AF0A7C-F473-4E64-8AF4-46DA553C0E6D}.Release|x64.ActiveCfg = Release|x64
		{27AF0A7C-F473-4E64-8AF4-46DA553C0E6D}.Release|x64.Build.0 = Release|x64
		{27AF0A7C-F473-4E64-8AF4-46DA553C0E6D}.Release|x86.ActiveCfg = Release|Win32
		{27AF0A7C-F473-4E64-8AF4-46DA553C0E6D}.Release|x86.Build.0 = Release|Win32
		{27CABA84-7AEB-44AD-9E36-27D93E418261}.Debug|x64.ActiveCfg = Debug|x64
		{27CABA84-7AEB-44AD-9E36-27D93E418261}.Debug|x64.Build.0 = Debug|x64
		{27CABA84-7AEB-44AD-9E36-27D93E418261}.Debug|x86.ActiveCfg = Debug|Win32
		{27CABA84-7AEB-44AD-9E36-27D93E418261}.Debug|x86.Build.0 = Debug|Win32
		{27CABA84-7AEB-44AD-9E36-27D93E418261}.Release|x64.ActiveCfg = Release|x64
		{27CABA84-7AEB-44AD-9E36-27D93E418261}.Release|x64.Build.0 = Release|x64
		{27CABA84-7AEB-44AD-9E36-27D93E418261}.Release|x86.ActiveCfg = Release|Win32
		{27CABA84-7AEB-44AD-9E36-27D93E418261}.Release|x86.Build.0 = Release|Win32
		{0C58EA13-A9C7-41A9-BEF7-6B9A7F942690}.Debug|x64.ActiveCfg = Debug|x64
		{0C58EA13-A9C7-41A9-BEF7-6B9A7F942690}.Debug|x64.Build.0 = Debug|x64
		{0C58EA13-A9C7-41A9-BEF7-6B9A7F942690}.Debug|x86.ActiveCfg = Debug|Win32
		{0C58EA13-A9C7-41A9-BEF7-6B9A7F942690}.Debug|x86.Build.0 = Debug|Win32
		{0C58EA13-A9C7-41A9-BEF7-6B9A7F942690}.Release|x64.ActiveCfg = Release|x64
		{0C58EA13-A9C7-41A9-BEF7-6B9A7F942690}.Release|x64.Build.0 = Release|x64
		{0C58EA13-A9C7-41A9-BEF7-6B9A7F942690}.Release|x86.ActiveCfg = Release|Win32
		{0C58EA13-A9C7-41A9-BEF7-6B9A7F942690}.Release|x86.Build.0 = Release|Win32
		{DBC685C0-F5DF-4C3A-8988-3FFDCF6ED295}.Debug|x64.ActiveCfg = Debug|x64
		{DBC685C0-F5DF-4C3A-8988-3FFDCF6ED295}.Debug|x64.Build.0 = Debug|x64
		{DBC685C0-F5DF-4C3A-8988-3FFDCF6ED295}.Debug|x86.ActiveCfg = Debug|Win32
		{DBC685C0-F5DF-4C3A-8988-3FFDCF6ED295}.Debug|x86.Build.0 = Debug|Win32
		{DBC685C0-F5DF-4C3A-8988-3FFDCF6ED295}.Release|x64.ActiveCfg = Release|x64
		{DBC685C0-F5DF-4C3A-8988-3FFDCF6ED295}.Release|x64.Build.0 = Release|x64
		{DBC685C0-F5DF-4C3A-8988-3FFDCF6ED295}.Release|x86.ActiveCfg = Release|Win32
		{DBC685C0-F5DF-4C3A-8988-3FFDCF6ED295}.Release|x86.Build.0 = Release|Win32
		{007EB955-4D90-4ECF-8B12-934BC552C962}.Debug|x64.ActiveCfg = Debug|x64
		{007EB955-4D90-4ECF-8B12-934BC552C962}.Debug|x64.Build.0 = Debug|x64
		{007EB955-4D90-4ECF-8B12-934BC552C962}.Debug|x86.ActiveCfg = Debug|Win32
		{007EB955-4D90-4ECF-8B12-934BC552C962}.Debug|x86.Build.0 = Debug|Win32
		{007EB955-4D90-4ECF-8B12-934BC552C962}.Release|x64.ActiveCfg = Release|x64
		{007EB955-4D90-4ECF-8B12-934BC552C962}.Release|x64.Build.0 = Release|x64
		{007EB955-4D90-4ECF-8B12-934BC552C962}.Release|x86.ActiveCfg = Release|Win32
		{007EB955-4D90-4ECF-8B12-934BC552C962}.Release|x86.Build.0 = Release|Win32
		{75C0606D-DFB5-41F8-B5F7-B6DE14245B59}.Debug|x64.ActiveCfg = Debug|x64
		{75C0606D-DFB5-41F8-B5F7-B6DE14245B59}.Debug|x64.Build.0 = Debug|x64
		{75C0606D-DFB5-41F8-B5F7-B6DE14245B59}.Debug|x86.ActiveCfg = Debug|Win32
		{75C0606D-DFB5-41F8-B5F7-B6DE14245B59}.Debug|x86.Build.0 = Debug|Win32
		{75C0606D-DFB5-41F8-B5F7-B6DE14245B59}.Release|x64.ActiveCfg = Release|x64
		{75C0606D-DFB5-41F8-B5F7-B6DE14245B59}.Release|x64.Build.0 = Release|x64
		{75C0606D-DFB5-41F8-B5F7-B6DE14245B59}.Release|x86.ActiveCfg = Release|Win32
		{75C0606D-DFB5-41F8-B5F7-B6DE14245B59}.Release|x86.Build.0 = Release|Win32
		{537EBA12-B05F-4F39-8649-E372542D702F}.Debug|x64.ActiveCfg = Debug|x64
		{537EBA12-B05F-4F39-8649-E372542D702F}.Debug|x64.Build.0 = Debug|x64
		{537EBA12-B05F-4F39-8649-E372542D702F}.Debug|x86.ActiveCfg = Debug|Win32
		{537EBA12-B05F-4F39-8649-E372542D702F}.Debug|x86.Build.0 = Debug|Win32
		{537EBA12-B05F-4F39-8649-E372542D702F}.Release|x64.ActiveCfg = Release|x64
		{537EBA12-B05F-4F39-8649-E372542D702F}.Release|x64.Build.0 = Release|x64
		{537EBA12-B05F-4F39-8649-E372542D702F}.Release|x86.ActiveCfg = Release|Win32
		{537EBA12-B05F-4F39-8649-E372542D702F}.Release|x86.Build.0 = Release|Win32
	EndGlobalSection
	GlobalSection(SolutionProperties) = preSolution
		HideSolutionNode = FALSE
	EndGlobalSection
	GlobalSection(ExtensibilityGlobals) = postSolution
		SolutionGuid = {DCC534B4-F309-41AE-A926-D1C74D289C46}
	EndGlobalSection
EndGlobal
